
Microsoft Visual Studio Solution File, Format Version 12.00
# Visual Studio Version 17
VisualStudioVersion = 17.9.34622.214
MinimumVisualStudioVersion = 10.0.40219.1
Project("{8BC9CEB8-8B4A-11D0-8D11-00A0C91BC942}") = "结对", "结对\结对.vcxproj", "{772C0DE8-AE4F-4E40-ADE4-0115D8B6DFD5}"
EndProject
Project("{8BC9CEB8-8B4A-11D0-8D11-00A0C91BC942}") = "UnitTest1", "UnitTest1\UnitTest1.vcxproj", "{0764B9D6-D848-437F-A410-70016F2B7044}"
EndProject
Global
	GlobalSection(SolutionConfigurationPlatforms) = preSolution
		Debug|x64 = Debug|x64
		Debug|x86 = Debug|x86
		Release|x64 = Release|x64
		Release|x86 = Release|x86
	EndGlobalSection
	GlobalSection(ProjectConfigurationPlatforms) = postSolution
		{772C0DE8-AE4F-4E40-ADE4-0115D8B6DFD5}.Debug|x64.ActiveCfg = Debug|x64
		{772C0DE8-AE4F-4E40-ADE4-0115D8B6DFD5}.Debug|x64.Build.0 = Debug|x64
		{772C0DE8-AE4F-4E40-ADE4-0115D8B6DFD5}.Debug|x86.ActiveCfg = Debug|Win32
		{772C0DE8-AE4F-4E40-ADE4-0115D8B6DFD5}.Debug|x86.Build.0 = Debug|Win32
		{772C0DE8-AE4F-4E40-ADE4-0115D8B6DFD5}.Release|x64.ActiveCfg = Release|x64
		{772C0DE8-AE4F-4E40-ADE4-0115D8B6DFD5}.Release|x64.Build.0 = Release|x64
		{772C0DE8-AE4F-4E40-ADE4-0115D8B6DFD5}.Release|x86.ActiveCfg = Release|Win32
		{772C0DE8-AE4F-4E40-ADE4-0115D8B6DFD5}.Release|x86.Build.0 = Release|Win32
		{0764B9D6-D848-437F-A410-70016F2B7044}.Debug|x64.ActiveCfg = Debug|x64
		{0764B9D6-D848-437F-A410-70016F2B7044}.Debug|x64.Build.0 = Debug|x64
		{0764B9D6-D848-437F-A410-70016F2B7044}.Debug|x86.ActiveCfg = Debug|Win32
		{0764B9D6-D848-437F-A410-70016F2B7044}.Debug|x86.Build.0 = Debug|Win32
		{0764B9D6-D848-437F-A410-70016F2B7044}.Release|x64.ActiveCfg = Release|x64
		{0764B9D6-D848-437F-A410-70016F2B7044}.Release|x64.Build.0 = Release|x64
		{0764B9D6-D848-437F-A410-70016F2B7044}.Release|x86.ActiveCfg = Release|Win32
		{0764B9D6-D848-437F-A410-70016F2B7044}.Release|x86.Build.0 = Release|Win32
	EndGlobalSection
	GlobalSection(SolutionProperties) = preSolution
		HideSolutionNode = FALSE
	EndGlobalSection
	GlobalSection(ExtensibilityGlobals) = postSolution
		SolutionGuid = {AB300561-DFD7-44D2-BAC4-75DC75AF1AF9}
	EndGlobalSection
EndGlobal
